
Microsoft Visual Studio Solution File, Format Version 12.00
# Visual Studio Version 17
VisualStudioVersion = 17.7.33913.275
MinimumVisualStudioVersion = 10.0.40219.1
Project("{FAE04EC0-301F-11D3-BF4B-00C04F79EFBC}") = "Blazor-SqLite-Golf-Club", "Blazor-SqLite-Golf-Club.csproj", "{CAEC7F6A-66B2-47F7-8215-48C63C8F9507}"
EndProject
Global
	GlobalSection(SolutionConfigurationPlatforms) = preSolution
		Debug|Any CPU = Debug|Any CPU
		Release|Any CPU = Release|Any CPU
	EndGlobalSection
	GlobalSection(ProjectConfigurationPlatforms) = postSolution
		{CAEC7F6A-66B2-47F7-8215-48C63C8F9507}.Debug|Any CPU.ActiveCfg = Debug|Any CPU
		{CAEC7F6A-66B2-47F7-8215-48C63C8F9507}.Debug|Any CPU.Build.0 = Debug|Any CPU
		{CAEC7F6A-66B2-47F7-8215-48C63C8F9507}.Release|Any CPU.ActiveCfg = Release|Any CPU
		{CAEC7F6A-66B2-47F7-8215-48C63C8F9507}.Release|Any CPU.Build.0 = Release|Any CPU
	EndGlobalSection
	GlobalSection(SolutionProperties) = preSolution
		HideSolutionNode = FALSE
	EndGlobalSection
	GlobalSection(ExtensibilityGlobals) = postSolution
		SolutionGuid = {393A0B14-8C2C-4CD5-A3C2-CEDE3F2D1079}
	EndGlobalSection
EndGlobal
