
Microsoft Visual Studio Solution File, Format Version 12.00
# Visual Studio Version 17
VisualStudioVersion = 17.7.33913.275
MinimumVisualStudioVersion = 10.0.40219.1
Project("{9A19103F-16F7-4668-BE54-9A1E7A4F7556}") = "Blazor-SqLite-Golf-Club", "Blazor-SqLite-Golf-Club.csproj", "{CAEC7F6A-66B2-47F7-8215-48C63C8F9507}"
EndProject
Project("{9A19103F-16F7-4668-BE54-9A1E7A4F7556}") = "Nunit_Player_Unit_Tests", "..\..\tests\Nunit_Player_Unit_Tests\Nunit_Player_Unit_Tests.csproj", "{C43E7B4D-7373-4C46-8297-CB7BBE8F7684}"
EndProject
Project("{9A19103F-16F7-4668-BE54-9A1E7A4F7556}") = "Xunit_Game_Unit_Tests", "..\..\tests\Xunit_Game_Unit_Tests\Xunit_Game_Unit_Tests.csproj", "{1456CE01-2BC6-4EDC-9680-D55853D858A4}"
EndProject
Project("{9A19103F-16F7-4668-BE54-9A1E7A4F7556}") = "StyleCop_CSharp_Linting", "..\..\tests\StyleCop_CSharp_Linting\StyleCop_CSharp_Linting.csproj", "{C4C95D00-316E-4B97-B830-755F31412BDD}"
EndProject
Global
	GlobalSection(SolutionConfigurationPlatforms) = preSolution
		Debug|Any CPU = Debug|Any CPU
		Release|Any CPU = Release|Any CPU
	EndGlobalSection
	GlobalSection(ProjectConfigurationPlatforms) = postSolution
		{CAEC7F6A-66B2-47F7-8215-48C63C8F9507}.Debug|Any CPU.ActiveCfg = Debug|Any CPU
		{CAEC7F6A-66B2-47F7-8215-48C63C8F9507}.Debug|Any CPU.Build.0 = Debug|Any CPU
		{CAEC7F6A-66B2-47F7-8215-48C63C8F9507}.Release|Any CPU.ActiveCfg = Release|Any CPU
		{CAEC7F6A-66B2-47F7-8215-48C63C8F9507}.Release|Any CPU.Build.0 = Release|Any CPU
		{C43E7B4D-7373-4C46-8297-CB7BBE8F7684}.Debug|Any CPU.ActiveCfg = Debug|Any CPU
		{C43E7B4D-7373-4C46-8297-CB7BBE8F7684}.Debug|Any CPU.Build.0 = Debug|Any CPU
		{C43E7B4D-7373-4C46-8297-CB7BBE8F7684}.Release|Any CPU.ActiveCfg = Release|Any CPU
		{C43E7B4D-7373-4C46-8297-CB7BBE8F7684}.Release|Any CPU.Build.0 = Release|Any CPU
		{1456CE01-2BC6-4EDC-9680-D55853D858A4}.Debug|Any CPU.ActiveCfg = Debug|Any CPU
		{1456CE01-2BC6-4EDC-9680-D55853D858A4}.Debug|Any CPU.Build.0 = Debug|Any CPU
		{1456CE01-2BC6-4EDC-9680-D55853D858A4}.Release|Any CPU.ActiveCfg = Release|Any CPU
		{1456CE01-2BC6-4EDC-9680-D55853D858A4}.Release|Any CPU.Build.0 = Release|Any CPU
		{C4C95D00-316E-4B97-B830-755F31412BDD}.Debug|Any CPU.ActiveCfg = Debug|Any CPU
		{C4C95D00-316E-4B97-B830-755F31412BDD}.Debug|Any CPU.Build.0 = Debug|Any CPU
		{C4C95D00-316E-4B97-B830-755F31412BDD}.Release|Any CPU.ActiveCfg = Release|Any CPU
		{C4C95D00-316E-4B97-B830-755F31412BDD}.Release|Any CPU.Build.0 = Release|Any CPU
	EndGlobalSection
	GlobalSection(SolutionProperties) = preSolution
		HideSolutionNode = FALSE
	EndGlobalSection
	GlobalSection(ExtensibilityGlobals) = postSolution
		SolutionGuid = {393A0B14-8C2C-4CD5-A3C2-CEDE3F2D1079}
	EndGlobalSection
EndGlobal
