
Microsoft Visual Studio Solution File, Format Version 12.00
# Visual Studio Version 17
VisualStudioVersion = 17.7.33913.275
MinimumVisualStudioVersion = 10.0.40219.1
Project("{9A19103F-16F7-4668-BE54-9A1E7A4F7556}") = "Nunit_Player_Unit_Tests", "Nunit_Player_Unit_Tests.csproj", "{704C27DE-ED5C-47E2-8128-FA489F61D6D3}"
EndProject
Global
	GlobalSection(SolutionConfigurationPlatforms) = preSolution
		Debug|Any CPU = Debug|Any CPU
		Release|Any CPU = Release|Any CPU
	EndGlobalSection
	GlobalSection(ProjectConfigurationPlatforms) = postSolution
		{704C27DE-ED5C-47E2-8128-FA489F61D6D3}.Debug|Any CPU.ActiveCfg = Debug|Any CPU
		{704C27DE-ED5C-47E2-8128-FA489F61D6D3}.Debug|Any CPU.Build.0 = Debug|Any CPU
		{704C27DE-ED5C-47E2-8128-FA489F61D6D3}.Release|Any CPU.ActiveCfg = Release|Any CPU
		{704C27DE-ED5C-47E2-8128-FA489F61D6D3}.Release|Any CPU.Build.0 = Release|Any CPU
	EndGlobalSection
	GlobalSection(SolutionProperties) = preSolution
		HideSolutionNode = FALSE
	EndGlobalSection
	GlobalSection(ExtensibilityGlobals) = postSolution
		SolutionGuid = {3D7AC1C7-D483-4FD2-8D5A-A8E1656687A1}
	EndGlobalSection
EndGlobal
