
Microsoft Visual Studio Solution File, Format Version 12.00
# Visual Studio Version 17
VisualStudioVersion = 17.5.33414.496
MinimumVisualStudioVersion = 10.0.40219.1
Project("{9A19103F-16F7-4668-BE54-9A1E7A4F7556}") = "Blazor SqlLite Golf Club", "Blazor SqlLite Golf Club\Blazor SqlLite Golf Club.csproj", "{15A908C3-B050-4174-87A5-B8C83F5D66E1}"
EndProject
Project("{9A19103F-16F7-4668-BE54-9A1E7A4F7556}") = "Nunit_Player_Unit_Tests", "..\..\tests\Nunit_Player_Unit_Tests\Nunit_Player_Unit_Tests.csproj", "{FDD7E0B5-36CC-4819-974D-5AA4C5B59B34}"
EndProject
Project("{9A19103F-16F7-4668-BE54-9A1E7A4F7556}") = "Xunit_Game_Unit_Tests", "..\..\tests\Xunit_Game_Unit_Tests\Xunit_Game_Unit_Tests.csproj", "{6DA360BF-C3AA-44BD-B792-BD828A83AB2E}"
EndProject
Project("{9A19103F-16F7-4668-BE54-9A1E7A4F7556}") = "StyleCop_CSharp_Linting", "..\..\tests\StyleCop_CSharp_Linting\StyleCop_CSharp_Linting.csproj", "{517B4DC3-99B6-4043-88A7-4FE220972574}"
EndProject
Global
	GlobalSection(SolutionConfigurationPlatforms) = preSolution
		Debug|Any CPU = Debug|Any CPU
		Release|Any CPU = Release|Any CPU
	EndGlobalSection
	GlobalSection(ProjectConfigurationPlatforms) = postSolution
		{15A908C3-B050-4174-87A5-B8C83F5D66E1}.Debug|Any CPU.ActiveCfg = Debug|Any CPU
		{15A908C3-B050-4174-87A5-B8C83F5D66E1}.Debug|Any CPU.Build.0 = Debug|Any CPU
		{15A908C3-B050-4174-87A5-B8C83F5D66E1}.Release|Any CPU.ActiveCfg = Release|Any CPU
		{15A908C3-B050-4174-87A5-B8C83F5D66E1}.Release|Any CPU.Build.0 = Release|Any CPU
		{FDD7E0B5-36CC-4819-974D-5AA4C5B59B34}.Debug|Any CPU.ActiveCfg = Debug|Any CPU
		{FDD7E0B5-36CC-4819-974D-5AA4C5B59B34}.Debug|Any CPU.Build.0 = Debug|Any CPU
		{FDD7E0B5-36CC-4819-974D-5AA4C5B59B34}.Release|Any CPU.ActiveCfg = Release|Any CPU
		{FDD7E0B5-36CC-4819-974D-5AA4C5B59B34}.Release|Any CPU.Build.0 = Release|Any CPU
		{6DA360BF-C3AA-44BD-B792-BD828A83AB2E}.Debug|Any CPU.ActiveCfg = Debug|Any CPU
		{6DA360BF-C3AA-44BD-B792-BD828A83AB2E}.Debug|Any CPU.Build.0 = Debug|Any CPU
		{6DA360BF-C3AA-44BD-B792-BD828A83AB2E}.Release|Any CPU.ActiveCfg = Release|Any CPU
		{6DA360BF-C3AA-44BD-B792-BD828A83AB2E}.Release|Any CPU.Build.0 = Release|Any CPU
		{517B4DC3-99B6-4043-88A7-4FE220972574}.Debug|Any CPU.ActiveCfg = Debug|Any CPU
		{517B4DC3-99B6-4043-88A7-4FE220972574}.Debug|Any CPU.Build.0 = Debug|Any CPU
		{517B4DC3-99B6-4043-88A7-4FE220972574}.Release|Any CPU.ActiveCfg = Release|Any CPU
		{517B4DC3-99B6-4043-88A7-4FE220972574}.Release|Any CPU.Build.0 = Release|Any CPU
	EndGlobalSection
	GlobalSection(SolutionProperties) = preSolution
		HideSolutionNode = FALSE
	EndGlobalSection
	GlobalSection(ExtensibilityGlobals) = postSolution
		SolutionGuid = {A7F63015-9AA0-4FD5-BB4C-B8FCF240722B}
	EndGlobalSection
EndGlobal
